// !$*UTF8*$!
{
	archiveVersion = 1;
	classes = {
	};
	objectVersion = 77;
	objects = {

/* Begin PBXBuildFile section */
		06F8A29D8C2E33D608B532AF /* DuplicateReport.swift in Sources */ = {isa = PBXBuildFile; fileRef = 46F8C4A10E8529A462375749 /* DuplicateReport.swift */; };
		133EECCB8DC2DC51923CA1E3 /* PluginStoreService.swift in Sources */ = {isa = PBXBuildFile; fileRef = 061BD0E1DBCBF22DD9865A43 /* PluginStoreService.swift */; };
		20C83AA4C87EDE60905FF5EC /* AIPluginManagerTests.swift in Sources */ = {isa = PBXBuildFile; fileRef = B810945EC685618C13016287 /* AIPluginManagerTests.swift */; };
		27F6CC3B194CDA6D8EC62DAF /* LinkManagerService.swift in Sources */ = {isa = PBXBuildFile; fileRef = 487B5BD28EE706B6F4E5466B /* LinkManagerService.swift */; };
		2A199A94D5648D6AC498D6D5 /* AIPluginManagerApp.swift in Sources */ = {isa = PBXBuildFile; fileRef = 5EB8DC4083DDBEEFB1F0AC9C /* AIPluginManagerApp.swift */; };
		2AEDDB1C9D3702E36D36D807 /* DuplicateViews.swift in Sources */ = {isa = PBXBuildFile; fileRef = D40F534DA2CFD21567D0A79D /* DuplicateViews.swift */; };
		38591794A7CC589AF953A174 /* ContentView.swift in Sources */ = {isa = PBXBuildFile; fileRef = 880122C865D569C40DBF17CE /* ContentView.swift */; };
		39407A53CC279AD4E58BE06A /* Editor.swift in Sources */ = {isa = PBXBuildFile; fileRef = ADD4966D086B9E65DCAB5D92 /* Editor.swift */; };
		5EA27B2A76C01CDC3A9603A6 /* PluginListView.swift in Sources */ = {isa = PBXBuildFile; fileRef = 47844265C6BBCFE99A6A2D08 /* PluginListView.swift */; };
		79CF0AD4407F16EFE12ECE86 /* SettingsViews.swift in Sources */ = {isa = PBXBuildFile; fileRef = DE8824EC2D85C9BA5DF769A1 /* SettingsViews.swift */; };
		933B7EB4BE55A57DA3F92AA0 /* DeduplicatorService.swift in Sources */ = {isa = PBXBuildFile; fileRef = 2BBD1BA3E3188A241598302C /* DeduplicatorService.swift */; };
		98AA4F0924667A4AF9224BAC /* PluginDiscoveryService.swift in Sources */ = {isa = PBXBuildFile; fileRef = 7CD7C012B9CB8DD07B844F85 /* PluginDiscoveryService.swift */; };
		9FD9350A9B8FCCF368C40654 /* Plugin.swift in Sources */ = {isa = PBXBuildFile; fileRef = BCF0E1A5E945473BA1B720DE /* Plugin.swift */; };
		BA852B7B914826CF9139BB2B /* EditorViews.swift in Sources */ = {isa = PBXBuildFile; fileRef = 425474543E7A9CFDB99D9084 /* EditorViews.swift */; };
		F819DF6A46131F4A89F20406 /* Assets.xcassets in Resources */ = {isa = PBXBuildFile; fileRef = 0A06F4192A2B9D9816830B5A /* Assets.xcassets */; };
/* End PBXBuildFile section */

/* Begin PBXContainerItemProxy section */
		5E9377A8F0D2AF96339E9251 /* PBXContainerItemProxy */ = {
			isa = PBXContainerItemProxy;
			containerPortal = 75AD8BC9BEF0D7BA0409B216 /* Project object */;
			proxyType = 1;
			remoteGlobalIDString = E30CD88A887CBED1088C4EC3;
			remoteInfo = AIPluginManager;
		};
/* End PBXContainerItemProxy section */

/* Begin PBXFileReference section */
		061BD0E1DBCBF22DD9865A43 /* PluginStoreService.swift */ = {isa = PBXFileReference; lastKnownFileType = sourcecode.swift; path = PluginStoreService.swift; sourceTree = "<group>"; };
		0A06F4192A2B9D9816830B5A /* Assets.xcassets */ = {isa = PBXFileReference; lastKnownFileType = folder.assetcatalog; path = Assets.xcassets; sourceTree = "<group>"; };
		2BBD1BA3E3188A241598302C /* DeduplicatorService.swift */ = {isa = PBXFileReference; lastKnownFileType = sourcecode.swift; path = DeduplicatorService.swift; sourceTree = "<group>"; };
		425474543E7A9CFDB99D9084 /* EditorViews.swift */ = {isa = PBXFileReference; lastKnownFileType = sourcecode.swift; path = EditorViews.swift; sourceTree = "<group>"; };
		46F8C4A10E8529A462375749 /* DuplicateReport.swift */ = {isa = PBXFileReference; lastKnownFileType = sourcecode.swift; path = DuplicateReport.swift; sourceTree = "<group>"; };
		47844265C6BBCFE99A6A2D08 /* PluginListView.swift */ = {isa = PBXFileReference; lastKnownFileType = sourcecode.swift; path = PluginListView.swift; sourceTree = "<group>"; };
		487B5BD28EE706B6F4E5466B /* LinkManagerService.swift */ = {isa = PBXFileReference; lastKnownFileType = sourcecode.swift; path = LinkManagerService.swift; sourceTree = "<group>"; };
		5EB8DC4083DDBEEFB1F0AC9C /* AIPluginManagerApp.swift */ = {isa = PBXFileReference; lastKnownFileType = sourcecode.swift; path = AIPluginManagerApp.swift; sourceTree = "<group>"; };
		7CD7C012B9CB8DD07B844F85 /* PluginDiscoveryService.swift */ = {isa = PBXFileReference; lastKnownFileType = sourcecode.swift; path = PluginDiscoveryService.swift; sourceTree = "<group>"; };
		880122C865D569C40DBF17CE /* ContentView.swift */ = {isa = PBXFileReference; lastKnownFileType = sourcecode.swift; path = ContentView.swift; sourceTree = "<group>"; };
		A9CB9DBA0C13EC7F07E99C0A /* AIPluginManager.app */ = {isa = PBXFileReference; explicitFileType = wrapper.application; includeInIndex = 0; path = AIPluginManager.app; sourceTree = BUILT_PRODUCTS_DIR; };
		ADD4966D086B9E65DCAB5D92 /* Editor.swift */ = {isa = PBXFileReference; lastKnownFileType = sourcecode.swift; path = Editor.swift; sourceTree = "<group>"; };
		B810945EC685618C13016287 /* AIPluginManagerTests.swift */ = {isa = PBXFileReference; lastKnownFileType = sourcecode.swift; path = AIPluginManagerTests.swift; sourceTree = "<group>"; };
		BCF0E1A5E945473BA1B720DE /* Plugin.swift */ = {isa = PBXFileReference; lastKnownFileType = sourcecode.swift; path = Plugin.swift; sourceTree = "<group>"; };
		D35E04BAEDB96B1CE4C04BE4 /* AIPluginManagerTests.xctest */ = {isa = PBXFileReference; explicitFileType = wrapper.cfbundle; includeInIndex = 0; path = AIPluginManagerTests.xctest; sourceTree = BUILT_PRODUCTS_DIR; };
		D40F534DA2CFD21567D0A79D /* DuplicateViews.swift */ = {isa = PBXFileReference; lastKnownFileType = sourcecode.swift; path = DuplicateViews.swift; sourceTree = "<group>"; };
		DE8824EC2D85C9BA5DF769A1 /* SettingsViews.swift */ = {isa = PBXFileReference; lastKnownFileType = sourcecode.swift; path = SettingsViews.swift; sourceTree = "<group>"; };
/* End PBXFileReference section */

/* Begin PBXGroup section */
		0643A50CA06E0544A9AEF83C /* PluginStore */ = {
			isa = PBXGroup;
			children = (
				061BD0E1DBCBF22DD9865A43 /* PluginStoreService.swift */,
			);
			path = PluginStore;
			sourceTree = "<group>";
		};
		18149E47F950199BDBB06B3B /* Views */ = {
			isa = PBXGroup;
			children = (
				880122C865D569C40DBF17CE /* ContentView.swift */,
				D40F534DA2CFD21567D0A79D /* DuplicateViews.swift */,
				425474543E7A9CFDB99D9084 /* EditorViews.swift */,
				47844265C6BBCFE99A6A2D08 /* PluginListView.swift */,
				DE8824EC2D85C9BA5DF769A1 /* SettingsViews.swift */,
			);
			path = Views;
			sourceTree = "<group>";
		};
		219A0E7D6608C6A5B7246244 /* Sources */ = {
			isa = PBXGroup;
			children = (
				8A01569446DE3A3C26433F95 /* App */,
				F3FCE6719648735A8564870A /* Models */,
				391FBD54A0D9C358709F264C /* Resources */,
				C8C306496F3FA9EC575D2CF9 /* Services */,
				70A3BFBDF27A093D9D05F5EA /* Utils */,
				18149E47F950199BDBB06B3B /* Views */,
			);
			path = Sources;
			sourceTree = "<group>";
		};
		23E2A382A27F63BFE4D1125F /* Products */ = {
			isa = PBXGroup;
			children = (
				A9CB9DBA0C13EC7F07E99C0A /* AIPluginManager.app */,
				D35E04BAEDB96B1CE4C04BE4 /* AIPluginManagerTests.xctest */,
			);
			name = Products;
			sourceTree = "<group>";
		};
		391FBD54A0D9C358709F264C /* Resources */ = {
			isa = PBXGroup;
			children = (
				0A06F4192A2B9D9816830B5A /* Assets.xcassets */,
			);
			path = Resources;
			sourceTree = "<group>";
		};
		453EB7F38DA17B572BEC9140 = {
			isa = PBXGroup;
			children = (
				219A0E7D6608C6A5B7246244 /* Sources */,
				C66621F8DBF1DA2A51AE89E4 /* Tests */,
				23E2A382A27F63BFE4D1125F /* Products */,
			);
			sourceTree = "<group>";
		};
		70A3BFBDF27A093D9D05F5EA /* Utils */ = {
			isa = PBXGroup;
			children = (
			);
			path = Utils;
			sourceTree = "<group>";
		};
		7E764EEBD204BFA20024D965 /* PluginAPI */ = {
			isa = PBXGroup;
			children = (
			);
			path = PluginAPI;
			sourceTree = "<group>";
		};
		8A01569446DE3A3C26433F95 /* App */ = {
			isa = PBXGroup;
			children = (
				5EB8DC4083DDBEEFB1F0AC9C /* AIPluginManagerApp.swift */,
			);
			path = App;
			sourceTree = "<group>";
		};
		A3139624AFBD8EF52182D2AA /* PluginDiscovery */ = {
			isa = PBXGroup;
			children = (
				7CD7C012B9CB8DD07B844F85 /* PluginDiscoveryService.swift */,
			);
			path = PluginDiscovery;
			sourceTree = "<group>";
		};
		A999CF2A856A65B924283EED /* LinkManager */ = {
			isa = PBXGroup;
			children = (
				487B5BD28EE706B6F4E5466B /* LinkManagerService.swift */,
			);
			path = LinkManager;
			sourceTree = "<group>";
		};
		B6B9811C488C7D096545D574 /* Deduplicator */ = {
			isa = PBXGroup;
			children = (
				2BBD1BA3E3188A241598302C /* DeduplicatorService.swift */,
			);
			path = Deduplicator;
			sourceTree = "<group>";
		};
		C66621F8DBF1DA2A51AE89E4 /* Tests */ = {
			isa = PBXGroup;
			children = (
				B810945EC685618C13016287 /* AIPluginManagerTests.swift */,
			);
			path = Tests;
			sourceTree = "<group>";
		};
		C8C306496F3FA9EC575D2CF9 /* Services */ = {
			isa = PBXGroup;
			children = (
				B6B9811C488C7D096545D574 /* Deduplicator */,
				A999CF2A856A65B924283EED /* LinkManager */,
				7E764EEBD204BFA20024D965 /* PluginAPI */,
				A3139624AFBD8EF52182D2AA /* PluginDiscovery */,
				0643A50CA06E0544A9AEF83C /* PluginStore */,
			);
			path = Services;
			sourceTree = "<group>";
		};
		F3FCE6719648735A8564870A /* Models */ = {
			isa = PBXGroup;
			children = (
				46F8C4A10E8529A462375749 /* DuplicateReport.swift */,
				ADD4966D086B9E65DCAB5D92 /* Editor.swift */,
				BCF0E1A5E945473BA1B720DE /* Plugin.swift */,
			);
			path = Models;
			sourceTree = "<group>";
		};
/* End PBXGroup section */

/* Begin PBXNativeTarget section */
		B0AF45F1335136AB57D9FDC1 /* AIPluginManagerTests */ = {
			isa = PBXNativeTarget;
			buildConfigurationList = 5B4F91A42F82D5D1994E913A /* Build configuration list for PBXNativeTarget "AIPluginManagerTests" */;
			buildPhases = (
				1F911385026A19560B16E644 /* Sources */,
			);
			buildRules = (
			);
			dependencies = (
				C76755ABE48D4673D2CD5EA0 /* PBXTargetDependency */,
			);
			name = AIPluginManagerTests;
			packageProductDependencies = (
			);
			productName = AIPluginManagerTests;
			productReference = D35E04BAEDB96B1CE4C04BE4 /* AIPluginManagerTests.xctest */;
			productType = "com.apple.product-type.bundle.unit-test";
		};
		E30CD88A887CBED1088C4EC3 /* AIPluginManager */ = {
			isa = PBXNativeTarget;
			buildConfigurationList = C2C0C0D61E9B6FF477EEEBE6 /* Build configuration list for PBXNativeTarget "AIPluginManager" */;
			buildPhases = (
				55BDD74ED2DE2E401FADCFD6 /* Sources */,
				40B920668E4F0B17BC3EE82B /* Build Complete Notification */,
				0D8947FD2F6858BDABA7CE03 /* Resources */,
			);
			buildRules = (
			);
			dependencies = (
			);
			name = AIPluginManager;
			packageProductDependencies = (
			);
			productName = AIPluginManager;
			productReference = A9CB9DBA0C13EC7F07E99C0A /* AIPluginManager.app */;
			productType = "com.apple.product-type.application";
		};
/* End PBXNativeTarget section */

/* Begin PBXProject section */
		75AD8BC9BEF0D7BA0409B216 /* Project object */ = {
			isa = PBXProject;
			attributes = {
				BuildIndependentTargetsInParallel = YES;
				LastUpgradeCheck = 1500;
				TargetAttributes = {
					B0AF45F1335136AB57D9FDC1 = {
						ProvisioningStyle = Automatic;
					};
					E30CD88A887CBED1088C4EC3 = {
						DevelopmentTeam = "";
						ProvisioningStyle = Automatic;
					};
				};
			};
			buildConfigurationList = FE6BEC905B94BE2979BBB4FE /* Build configuration list for PBXProject "AIPluginManager" */;
			compatibilityVersion = "Xcode 14.0";
			developmentRegion = en;
			hasScannedForEncodings = 0;
			knownRegions = (
				Base,
				en,
			);
			mainGroup = 453EB7F38DA17B572BEC9140;
			minimizedProjectReferenceProxies = 1;
			preferredProjectObjectVersion = 77;
			projectDirPath = "";
			projectRoot = "";
			targets = (
				E30CD88A887CBED1088C4EC3 /* AIPluginManager */,
				B0AF45F1335136AB57D9FDC1 /* AIPluginManagerTests */,
			);
		};
/* End PBXProject section */

/* Begin PBXResourcesBuildPhase section */
		0D8947FD2F6858BDABA7CE03 /* Resources */ = {
			isa = PBXResourcesBuildPhase;
			buildActionMask = 2147483647;
			files = (
				F819DF6A46131F4A89F20406 /* Assets.xcassets in Resources */,
			);
			runOnlyForDeploymentPostprocessing = 0;
		};
/* End PBXResourcesBuildPhase section */

/* Begin PBXShellScriptBuildPhase section */
		40B920668E4F0B17BC3EE82B /* Build Complete Notification */ = {
			isa = PBXShellScriptBuildPhase;
			buildActionMask = 2147483647;
			files = (
			);
			inputFileListPaths = (
			);
			inputPaths = (
			);
			name = "Build Complete Notification";
			outputFileListPaths = (
			);
			outputPaths = (
			);
			runOnlyForDeploymentPostprocessing = 0;
			shellPath = /bin/sh;
			shellScript = "# Build completed successfully\n";
		};
/* End PBXShellScriptBuildPhase section */

/* Begin PBXSourcesBuildPhase section */
		1F911385026A19560B16E644 /* Sources */ = {
			isa = PBXSourcesBuildPhase;
			buildActionMask = 2147483647;
			files = (
				20C83AA4C87EDE60905FF5EC /* AIPluginManagerTests.swift in Sources */,
			);
			runOnlyForDeploymentPostprocessing = 0;
		};
		55BDD74ED2DE2E401FADCFD6 /* Sources */ = {
			isa = PBXSourcesBuildPhase;
			buildActionMask = 2147483647;
			files = (
				2A199A94D5648D6AC498D6D5 /* AIPluginManagerApp.swift in Sources */,
				38591794A7CC589AF953A174 /* ContentView.swift in Sources */,
				933B7EB4BE55A57DA3F92AA0 /* DeduplicatorService.swift in Sources */,
				06F8A29D8C2E33D608B532AF /* DuplicateReport.swift in Sources */,
				2AEDDB1C9D3702E36D36D807 /* DuplicateViews.swift in Sources */,
				39407A53CC279AD4E58BE06A /* Editor.swift in Sources */,
				BA852B7B914826CF9139BB2B /* EditorViews.swift in Sources */,
				27F6CC3B194CDA6D8EC62DAF /* LinkManagerService.swift in Sources */,
				9FD9350A9B8FCCF368C40654 /* Plugin.swift in Sources */,
				98AA4F0924667A4AF9224BAC /* PluginDiscoveryService.swift in Sources */,
				5EA27B2A76C01CDC3A9603A6 /* PluginListView.swift in Sources */,
				133EECCB8DC2DC51923CA1E3 /* PluginStoreService.swift in Sources */,
				79CF0AD4407F16EFE12ECE86 /* SettingsViews.swift in Sources */,
			);
			runOnlyForDeploymentPostprocessing = 0;
		};
/* End PBXSourcesBuildPhase section */

/* Begin PBXTargetDependency section */
		C76755ABE48D4673D2CD5EA0 /* PBXTargetDependency */ = {
			isa = PBXTargetDependency;
			target = E30CD88A887CBED1088C4EC3 /* AIPluginManager */;
			targetProxy = 5E9377A8F0D2AF96339E9251 /* PBXContainerItemProxy */;
		};
/* End PBXTargetDependency section */

/* Begin XCBuildConfiguration section */
		0533F3ECA0DEC52F4A2ABCD3 /* Release */ = {
			isa = XCBuildConfiguration;
			buildSettings = {
				BUNDLE_LOADER = "$(TEST_HOST)";
				COMBINE_HIDPI_IMAGES = YES;
				LD_RUNPATH_SEARCH_PATHS = (
					"$(inherited)",
					"@executable_path/../Frameworks",
					"@loader_path/../Frameworks",
				);
				PRODUCT_BUNDLE_IDENTIFIER = com.zhangning.AIPluginManagerTests;
				SDKROOT = macosx;
				TEST_HOST = "$(BUILT_PRODUCTS_DIR)/AIPluginManager.app/Contents/MacOS/AIPluginManager";
			};
			name = Release;
		};
		231605C7F9F7C1ADFE31E18B /* Release */ = {
			isa = XCBuildConfiguration;
			buildSettings = {
				ALWAYS_SEARCH_USER_PATHS = NO;
				CLANG_ANALYZER_NONNULL = YES;
				CLANG_ANALYZER_NUMBER_OBJECT_CONVERSION = YES_AGGRESSIVE;
				CLANG_CXX_LANGUAGE_STANDARD = "gnu++14";
				CLANG_CXX_LIBRARY = "libc++";
				CLANG_ENABLE_MODULES = YES;
				CLANG_ENABLE_OBJC_ARC = YES;
				CLANG_ENABLE_OBJC_WEAK = YES;
				CLANG_WARN_BLOCK_CAPTURE_AUTORELEASING = YES;
				CLANG_WARN_BOOL_CONVERSION = YES;
				CLANG_WARN_COMMA = YES;
				CLANG_WARN_CONSTANT_CONVERSION = YES;
				CLANG_WARN_DEPRECATED_OBJC_IMPLEMENTATIONS = YES;
				CLANG_WARN_DIRECT_OBJC_ISA_USAGE = YES_ERROR;
				CLANG_WARN_DOCUMENTATION_COMMENTS = YES;
				CLANG_WARN_EMPTY_BODY = YES;
				CLANG_WARN_ENUM_CONVERSION = YES;
				CLANG_WARN_INFINITE_RECURSION = YES;
				CLANG_WARN_INT_CONVERSION = YES;
				CLANG_WARN_NON_LITERAL_NULL_CONVERSION = YES;
				CLANG_WARN_OBJC_IMPLICIT_RETAIN_SELF = YES;
				CLANG_WARN_OBJC_LITERAL_CONVERSION = YES;
				CLANG_WARN_OBJC_ROOT_CLASS = YES_ERROR;
				CLANG_WARN_QUOTED_INCLUDE_IN_FRAMEWORK_HEADER = YES;
				CLANG_WARN_RANGE_LOOP_ANALYSIS = YES;
				CLANG_WARN_STRICT_PROTOTYPES = YES;
				CLANG_WARN_SUSPICIOUS_MOVE = YES;
				CLANG_WARN_UNGUARDED_AVAILABILITY = YES_AGGRESSIVE;
				CLANG_WARN_UNREACHABLE_CODE = YES;
				CLANG_WARN__DUPLICATE_METHOD_MATCH = YES;
				CODE_SIGN_STYLE = Automatic;
				COPY_PHASE_STRIP = NO;
				CURRENT_PROJECT_VERSION = 1;
				DEBUG_INFORMATION_FORMAT = "dwarf-with-dsym";
				ENABLE_NS_ASSERTIONS = NO;
				ENABLE_STRICT_OBJC_MSGSEND = YES;
				ENABLE_USER_SCRIPT_SANDBOXING = NO;
				GCC_C_LANGUAGE_STANDARD = gnu11;
				GCC_NO_COMMON_BLOCKS = YES;
				GCC_WARN_64_TO_32_BIT_CONVERSION = YES;
				GCC_WARN_ABOUT_RETURN_TYPE = YES_ERROR;
				GCC_WARN_UNDECLARED_SELECTOR = YES;
				GCC_WARN_UNINITIALIZED_AUTOS = YES_AGGRESSIVE;
				GCC_WARN_UNUSED_FUNCTION = YES;
				GCC_WARN_UNUSED_VARIABLE = YES;
				MACOSX_DEPLOYMENT_TARGET = 14.0;
				MARKETING_VERSION = 1.0.0;
				MTL_ENABLE_DEBUG_INFO = NO;
				MTL_FAST_MATH = YES;
				PRODUCT_NAME = "$(TARGET_NAME)";
				SDKROOT = macosx;
				SWIFT_COMPILATION_MODE = wholemodule;
				SWIFT_OPTIMIZATION_LEVEL = "-O";
				SWIFT_VERSION = 5.9;
			};
			name = Release;
		};
		3FEDD312B4095E617DE432A6 /* Debug */ = {
			isa = XCBuildConfiguration;
			buildSettings = {
				BUNDLE_LOADER = "$(TEST_HOST)";
				COMBINE_HIDPI_IMAGES = YES;
				LD_RUNPATH_SEARCH_PATHS = (
					"$(inherited)",
					"@executable_path/../Frameworks",
					"@loader_path/../Frameworks",
				);
				PRODUCT_BUNDLE_IDENTIFIER = com.zhangning.AIPluginManagerTests;
				SDKROOT = macosx;
				TEST_HOST = "$(BUILT_PRODUCTS_DIR)/AIPluginManager.app/Contents/MacOS/AIPluginManager";
			};
			name = Debug;
		};
		9FAE67CBF9C6E1AC46C80B30 /* Debug */ = {
			isa = XCBuildConfiguration;
			buildSettings = {
				ALWAYS_SEARCH_USER_PATHS = NO;
				CLANG_ANALYZER_NONNULL = YES;
				CLANG_ANALYZER_NUMBER_OBJECT_CONVERSION = YES_AGGRESSIVE;
				CLANG_CXX_LANGUAGE_STANDARD = "gnu++14";
				CLANG_CXX_LIBRARY = "libc++";
				CLANG_ENABLE_MODULES = YES;
				CLANG_ENABLE_OBJC_ARC = YES;
				CLANG_ENABLE_OBJC_WEAK = YES;
				CLANG_WARN_BLOCK_CAPTURE_AUTORELEASING = YES;
				CLANG_WARN_BOOL_CONVERSION = YES;
				CLANG_WARN_COMMA = YES;
				CLANG_WARN_CONSTANT_CONVERSION = YES;
				CLANG_WARN_DEPRECATED_OBJC_IMPLEMENTATIONS = YES;
				CLANG_WARN_DIRECT_OBJC_ISA_USAGE = YES_ERROR;
				CLANG_WARN_DOCUMENTATION_COMMENTS = YES;
				CLANG_WARN_EMPTY_BODY = YES;
				CLANG_WARN_ENUM_CONVERSION = YES;
				CLANG_WARN_INFINITE_RECURSION = YES;
				CLANG_WARN_INT_CONVERSION = YES;
				CLANG_WARN_NON_LITERAL_NULL_CONVERSION = YES;
				CLANG_WARN_OBJC_IMPLICIT_RETAIN_SELF = YES;
				CLANG_WARN_OBJC_LITERAL_CONVERSION = YES;
				CLANG_WARN_OBJC_ROOT_CLASS = YES_ERROR;
				CLANG_WARN_QUOTED_INCLUDE_IN_FRAMEWORK_HEADER = YES;
				CLANG_WARN_RANGE_LOOP_ANALYSIS = YES;
				CLANG_WARN_STRICT_PROTOTYPES = YES;
				CLANG_WARN_SUSPICIOUS_MOVE = YES;
				CLANG_WARN_UNGUARDED_AVAILABILITY = YES_AGGRESSIVE;
				CLANG_WARN_UNREACHABLE_CODE = YES;
				CLANG_WARN__DUPLICATE_METHOD_MATCH = YES;
				CODE_SIGN_STYLE = Automatic;
				COPY_PHASE_STRIP = NO;
				CURRENT_PROJECT_VERSION = 1;
				DEBUG_INFORMATION_FORMAT = dwarf;
				ENABLE_STRICT_OBJC_MSGSEND = YES;
				ENABLE_TESTABILITY = YES;
				ENABLE_USER_SCRIPT_SANDBOXING = NO;
				GCC_C_LANGUAGE_STANDARD = gnu11;
				GCC_DYNAMIC_NO_PIC = NO;
				GCC_NO_COMMON_BLOCKS = YES;
				GCC_OPTIMIZATION_LEVEL = 0;
				GCC_PREPROCESSOR_DEFINITIONS = (
					"$(inherited)",
					"DEBUG=1",
				);
				GCC_WARN_64_TO_32_BIT_CONVERSION = YES;
				GCC_WARN_ABOUT_RETURN_TYPE = YES_ERROR;
				GCC_WARN_UNDECLARED_SELECTOR = YES;
				GCC_WARN_UNINITIALIZED_AUTOS = YES_AGGRESSIVE;
				GCC_WARN_UNUSED_FUNCTION = YES;
				GCC_WARN_UNUSED_VARIABLE = YES;
				MACOSX_DEPLOYMENT_TARGET = 14.0;
				MARKETING_VERSION = 1.0.0;
				MTL_ENABLE_DEBUG_INFO = INCLUDE_SOURCE;
				MTL_FAST_MATH = YES;
				ONLY_ACTIVE_ARCH = YES;
				PRODUCT_NAME = "$(TARGET_NAME)";
				SDKROOT = macosx;
				SWIFT_ACTIVE_COMPILATION_CONDITIONS = DEBUG;
				SWIFT_OPTIMIZATION_LEVEL = "-Onone";
				SWIFT_VERSION = 5.9;
			};
			name = Debug;
		};
		E0A67B5DB9DF17F9DE4DE854 /* Release */ = {
			isa = XCBuildConfiguration;
			buildSettings = {
				ASSETCATALOG_COMPILER_APPICON_NAME = AppIcon;
				CODE_SIGN_IDENTITY = "-";
				COMBINE_HIDPI_IMAGES = YES;
				DEVELOPMENT_TEAM = "";
				INFOPLIST_FILE = Resources/Info.plist;
				LD_RUNPATH_SEARCH_PATHS = (
					"$(inherited)",
					"@executable_path/../Frameworks",
				);
				PRODUCT_BUNDLE_IDENTIFIER = com.zhangning.AIPluginManager;
				PRODUCT_NAME = AIPluginManager;
				SDKROOT = macosx;
			};
			name = Release;
		};
		FFDEDEC0545865127A1C640E /* Debug */ = {
			isa = XCBuildConfiguration;
			buildSettings = {
				ASSETCATALOG_COMPILER_APPICON_NAME = AppIcon;
				CODE_SIGN_IDENTITY = "-";
				COMBINE_HIDPI_IMAGES = YES;
				DEVELOPMENT_TEAM = "";
				INFOPLIST_FILE = Resources/Info.plist;
				LD_RUNPATH_SEARCH_PATHS = (
					"$(inherited)",
					"@executable_path/../Frameworks",
				);
				PRODUCT_BUNDLE_IDENTIFIER = com.zhangning.AIPluginManager;
				PRODUCT_NAME = AIPluginManager;
				SDKROOT = macosx;
			};
			name = Debug;
		};
/* End XCBuildConfiguration section */

/* Begin XCConfigurationList section */
		5B4F91A42F82D5D1994E913A /* Build configuration list for PBXNativeTarget "AIPluginManagerTests" */ = {
			isa = XCConfigurationList;
			buildConfigurations = (
				3FEDD312B4095E617DE432A6 /* Debug */,
				0533F3ECA0DEC52F4A2ABCD3 /* Release */,
			);
			defaultConfigurationIsVisible = 0;
			defaultConfigurationName = Debug;
		};
		C2C0C0D61E9B6FF477EEEBE6 /* Build configuration list for PBXNativeTarget "AIPluginManager" */ = {
			isa = XCConfigurationList;
			buildConfigurations = (
				FFDEDEC0545865127A1C640E /* Debug */,
				E0A67B5DB9DF17F9DE4DE854 /* Release */,
			);
			defaultConfigurationIsVisible = 0;
			defaultConfigurationName = Debug;
		};
		FE6BEC905B94BE2979BBB4FE /* Build configuration list for PBXProject "AIPluginManager" */ = {
			isa = XCConfigurationList;
			buildConfigurations = (
				9FAE67CBF9C6E1AC46C80B30 /* Debug */,
				231605C7F9F7C1ADFE31E18B /* Release */,
			);
			defaultConfigurationIsVisible = 0;
			defaultConfigurationName = Debug;
		};
/* End XCConfigurationList section */
	};
	rootObject = 75AD8BC9BEF0D7BA0409B216 /* Project object */;
}
